
Microsoft Visual Studio Solution File, Format Version 12.00
# Visual Studio Version 17
VisualStudioVersion = 17.13.35806.99 d17.13
MinimumVisualStudioVersion = 10.0.40219.1
Project("{8BC9CEB8-8B4A-11D0-8D11-00A0C91BC942}") = "Prj00", "C_Programming\C_Programming.vcxproj", "{BBAD2E29-5B85-4F3E-B47D-3F28EA53B220}"
EndProject
Project("{8BC9CEB8-8B4A-11D0-8D11-00A0C91BC942}") = "Prj01", "Prj01\Prj01.vcxproj", "{638CBD29-D574-4E6B-82F2-CC3150E165D8}"
EndProject
Project("{8BC9CEB8-8B4A-11D0-8D11-00A0C91BC942}") = "Prj03", "Prj03\Prj03.vcxproj", "{F8D0A2AA-594A-4C2C-B86E-A0D46EEE7813}"
EndProject
Project("{8BC9CEB8-8B4A-11D0-8D11-00A0C91BC942}") = "Prj04", "Prj04\Prj04.vcxproj", "{8D375BC5-BBE2-4A37-802B-213D18865EC4}"
EndProject
Project("{8BC9CEB8-8B4A-11D0-8D11-00A0C91BC942}") = "Prj05", "Prj05\Prj05.vcxproj", "{4BAE847A-F00C-4C9A-B473-3C82B4344F74}"
EndProject
Project("{8BC9CEB8-8B4A-11D0-8D11-00A0C91BC942}") = "Prj06", "Prj06\Prj06.vcxproj", "{8D1557BF-361C-45E9-B3F9-D440844D7960}"
EndProject
Project("{8BC9CEB8-8B4A-11D0-8D11-00A0C91BC942}") = "Prj07", "Prj07\Prj07.vcxproj", "{066840E1-9222-48BB-BE21-D3FFFA8765AC}"
EndProject
Project("{8BC9CEB8-8B4A-11D0-8D11-00A0C91BC942}") = "Prj08", "Prj08\Prj08.vcxproj", "{7DC4DB32-001F-42A6-A7F4-EF0BF0DE6F82}"
EndProject
Project("{8BC9CEB8-8B4A-11D0-8D11-00A0C91BC942}") = "Prj09", "Prj09\Prj09.vcxproj", "{3096AEA8-3C43-4E34-93BD-0FC48E7A9E40}"
EndProject
Project("{8BC9CEB8-8B4A-11D0-8D11-00A0C91BC942}") = "Prj10", "Prj10\Prj10.vcxproj", "{5FA629A4-14D7-4B50-9C65-6092BB03A59F}"
EndProject
Project("{8BC9CEB8-8B4A-11D0-8D11-00A0C91BC942}") = "Prj11", "Prj11\Prj11.vcxproj", "{1F3D488C-8C60-45D4-B510-16F0B140145B}"
EndProject
Global
	GlobalSection(SolutionConfigurationPlatforms) = preSolution
		Debug|x64 = Debug|x64
		Debug|x86 = Debug|x86
		Release|x64 = Release|x64
		Release|x86 = Release|x86
	EndGlobalSection
	GlobalSection(ProjectConfigurationPlatforms) = postSolution
		{BBAD2E29-5B85-4F3E-B47D-3F28EA53B220}.Debug|x64.ActiveCfg = Debug|x64
		{BBAD2E29-5B85-4F3E-B47D-3F28EA53B220}.Debug|x64.Build.0 = Debug|x64
		{BBAD2E29-5B85-4F3E-B47D-3F28EA53B220}.Debug|x86.ActiveCfg = Debug|Win32
		{BBAD2E29-5B85-4F3E-B47D-3F28EA53B220}.Debug|x86.Build.0 = Debug|Win32
		{BBAD2E29-5B85-4F3E-B47D-3F28EA53B220}.Release|x64.ActiveCfg = Release|x64
		{BBAD2E29-5B85-4F3E-B47D-3F28EA53B220}.Release|x64.Build.0 = Release|x64
		{BBAD2E29-5B85-4F3E-B47D-3F28EA53B220}.Release|x86.ActiveCfg = Release|Win32
		{BBAD2E29-5B85-4F3E-B47D-3F28EA53B220}.Release|x86.Build.0 = Release|Win32
		{638CBD29-D574-4E6B-82F2-CC3150E165D8}.Debug|x64.ActiveCfg = Debug|x64
		{638CBD29-D574-4E6B-82F2-CC3150E165D8}.Debug|x64.Build.0 = Debug|x64
		{638CBD29-D574-4E6B-82F2-CC3150E165D8}.Debug|x86.ActiveCfg = Debug|Win32
		{638CBD29-D574-4E6B-82F2-CC3150E165D8}.Debug|x86.Build.0 = Debug|Win32
		{638CBD29-D574-4E6B-82F2-CC3150E165D8}.Release|x64.ActiveCfg = Release|x64
		{638CBD29-D574-4E6B-82F2-CC3150E165D8}.Release|x64.Build.0 = Release|x64
		{638CBD29-D574-4E6B-82F2-CC3150E165D8}.Release|x86.ActiveCfg = Release|Win32
		{638CBD29-D574-4E6B-82F2-CC3150E165D8}.Release|x86.Build.0 = Release|Win32
		{F8D0A2AA-594A-4C2C-B86E-A0D46EEE7813}.Debug|x64.ActiveCfg = Debug|x64
		{F8D0A2AA-594A-4C2C-B86E-A0D46EEE7813}.Debug|x64.Build.0 = Debug|x64
		{F8D0A2AA-594A-4C2C-B86E-A0D46EEE7813}.Debug|x86.ActiveCfg = Debug|Win32
		{F8D0A2AA-594A-4C2C-B86E-A0D46EEE7813}.Debug|x86.Build.0 = Debug|Win32
		{F8D0A2AA-594A-4C2C-B86E-A0D46EEE7813}.Release|x64.ActiveCfg = Release|x64
		{F8D0A2AA-594A-4C2C-B86E-A0D46EEE7813}.Release|x64.Build.0 = Release|x64
		{F8D0A2AA-594A-4C2C-B86E-A0D46EEE7813}.Release|x86.ActiveCfg = Release|Win32
		{F8D0A2AA-594A-4C2C-B86E-A0D46EEE7813}.Release|x86.Build.0 = Release|Win32
		{8D375BC5-BBE2-4A37-802B-213D18865EC4}.Debug|x64.ActiveCfg = Debug|x64
		{8D375BC5-BBE2-4A37-802B-213D18865EC4}.Debug|x64.Build.0 = Debug|x64
		{8D375BC5-BBE2-4A37-802B-213D18865EC4}.Debug|x86.ActiveCfg = Debug|Win32
		{8D375BC5-BBE2-4A37-802B-213D18865EC4}.Debug|x86.Build.0 = Debug|Win32
		{8D375BC5-BBE2-4A37-802B-213D18865EC4}.Release|x64.ActiveCfg = Release|x64
		{8D375BC5-BBE2-4A37-802B-213D18865EC4}.Release|x64.Build.0 = Release|x64
		{8D375BC5-BBE2-4A37-802B-213D18865EC4}.Release|x86.ActiveCfg = Release|Win32
		{8D375BC5-BBE2-4A37-802B-213D18865EC4}.Release|x86.Build.0 = Release|Win32
		{4BAE847A-F00C-4C9A-B473-3C82B4344F74}.Debug|x64.ActiveCfg = Debug|x64
		{4BAE847A-F00C-4C9A-B473-3C82B4344F74}.Debug|x64.Build.0 = Debug|x64
		{4BAE847A-F00C-4C9A-B473-3C82B4344F74}.Debug|x86.ActiveCfg = Debug|Win32
		{4BAE847A-F00C-4C9A-B473-3C82B4344F74}.Debug|x86.Build.0 = Debug|Win32
		{4BAE847A-F00C-4C9A-B473-3C82B4344F74}.Release|x64.ActiveCfg = Release|x64
		{4BAE847A-F00C-4C9A-B473-3C82B4344F74}.Release|x64.Build.0 = Release|x64
		{4BAE847A-F00C-4C9A-B473-3C82B4344F74}.Release|x86.ActiveCfg = Release|Win32
		{4BAE847A-F00C-4C9A-B473-3C82B4344F74}.Release|x86.Build.0 = Release|Win32
		{8D1557BF-361C-45E9-B3F9-D440844D7960}.Debug|x64.ActiveCfg = Debug|x64
		{8D1557BF-361C-45E9-B3F9-D440844D7960}.Debug|x64.Build.0 = Debug|x64
		{8D1557BF-361C-45E9-B3F9-D440844D7960}.Debug|x86.ActiveCfg = Debug|Win32
		{8D1557BF-361C-45E9-B3F9-D440844D7960}.Debug|x86.Build.0 = Debug|Win32
		{8D1557BF-361C-45E9-B3F9-D440844D7960}.Release|x64.ActiveCfg = Release|x64
		{8D1557BF-361C-45E9-B3F9-D440844D7960}.Release|x64.Build.0 = Release|x64
		{8D1557BF-361C-45E9-B3F9-D440844D7960}.Release|x86.ActiveCfg = Release|Win32
		{8D1557BF-361C-45E9-B3F9-D440844D7960}.Release|x86.Build.0 = Release|Win32
		{066840E1-9222-48BB-BE21-D3FFFA8765AC}.Debug|x64.ActiveCfg = Debug|x64
		{066840E1-9222-48BB-BE21-D3FFFA8765AC}.Debug|x64.Build.0 = Debug|x64
		{066840E1-9222-48BB-BE21-D3FFFA8765AC}.Debug|x86.ActiveCfg = Debug|Win32
		{066840E1-9222-48BB-BE21-D3FFFA8765AC}.Debug|x86.Build.0 = Debug|Win32
		{066840E1-9222-48BB-BE21-D3FFFA8765AC}.Release|x64.ActiveCfg = Release|x64
		{066840E1-9222-48BB-BE21-D3FFFA8765AC}.Release|x64.Build.0 = Release|x64
		{066840E1-9222-48BB-BE21-D3FFFA8765AC}.Release|x86.ActiveCfg = Release|Win32
		{066840E1-9222-48BB-BE21-D3FFFA8765AC}.Release|x86.Build.0 = Release|Win32
		{7DC4DB32-001F-42A6-A7F4-EF0BF0DE6F82}.Debug|x64.ActiveCfg = Debug|x64
		{7DC4DB32-001F-42A6-A7F4-EF0BF0DE6F82}.Debug|x64.Build.0 = Debug|x64
		{7DC4DB32-001F-42A6-A7F4-EF0BF0DE6F82}.Debug|x86.ActiveCfg = Debug|Win32
		{7DC4DB32-001F-42A6-A7F4-EF0BF0DE6F82}.Debug|x86.Build.0 = Debug|Win32
		{7DC4DB32-001F-42A6-A7F4-EF0BF0DE6F82}.Release|x64.ActiveCfg = Release|x64
		{7DC4DB32-001F-42A6-A7F4-EF0BF0DE6F82}.Release|x64.Build.0 = Release|x64
		{7DC4DB32-001F-42A6-A7F4-EF0BF0DE6F82}.Release|x86.ActiveCfg = Release|Win32
		{7DC4DB32-001F-42A6-A7F4-EF0BF0DE6F82}.Release|x86.Build.0 = Release|Win32
		{3096AEA8-3C43-4E34-93BD-0FC48E7A9E40}.Debug|x64.ActiveCfg = Debug|x64
		{3096AEA8-3C43-4E34-93BD-0FC48E7A9E40}.Debug|x64.Build.0 = Debug|x64
		{3096AEA8-3C43-4E34-93BD-0FC48E7A9E40}.Debug|x86.ActiveCfg = Debug|Win32
		{3096AEA8-3C43-4E34-93BD-0FC48E7A9E40}.Debug|x86.Build.0 = Debug|Win32
		{3096AEA8-3C43-4E34-93BD-0FC48E7A9E40}.Release|x64.ActiveCfg = Release|x64
		{3096AEA8-3C43-4E34-93BD-0FC48E7A9E40}.Release|x64.Build.0 = Release|x64
		{3096AEA8-3C43-4E34-93BD-0FC48E7A9E40}.Release|x86.ActiveCfg = Release|Win32
		{3096AEA8-3C43-4E34-93BD-0FC48E7A9E40}.Release|x86.Build.0 = Release|Win32
		{5FA629A4-14D7-4B50-9C65-6092BB03A59F}.Debug|x64.ActiveCfg = Debug|x64
		{5FA629A4-14D7-4B50-9C65-6092BB03A59F}.Debug|x64.Build.0 = Debug|x64
		{5FA629A4-14D7-4B50-9C65-6092BB03A59F}.Debug|x86.ActiveCfg = Debug|Win32
		{5FA629A4-14D7-4B50-9C65-6092BB03A59F}.Debug|x86.Build.0 = Debug|Win32
		{5FA629A4-14D7-4B50-9C65-6092BB03A59F}.Release|x64.ActiveCfg = Release|x64
		{5FA629A4-14D7-4B50-9C65-6092BB03A59F}.Release|x64.Build.0 = Release|x64
		{5FA629A4-14D7-4B50-9C65-6092BB03A59F}.Release|x86.ActiveCfg = Release|Win32
		{5FA629A4-14D7-4B50-9C65-6092BB03A59F}.Release|x86.Build.0 = Release|Win32
		{1F3D488C-8C60-45D4-B510-16F0B140145B}.Debug|x64.ActiveCfg = Debug|x64
		{1F3D488C-8C60-45D4-B510-16F0B140145B}.Debug|x64.Build.0 = Debug|x64
		{1F3D488C-8C60-45D4-B510-16F0B140145B}.Debug|x86.ActiveCfg = Debug|Win32
		{1F3D488C-8C60-45D4-B510-16F0B140145B}.Debug|x86.Build.0 = Debug|Win32
		{1F3D488C-8C60-45D4-B510-16F0B140145B}.Release|x64.ActiveCfg = Release|x64
		{1F3D488C-8C60-45D4-B510-16F0B140145B}.Release|x64.Build.0 = Release|x64
		{1F3D488C-8C60-45D4-B510-16F0B140145B}.Release|x86.ActiveCfg = Release|Win32
		{1F3D488C-8C60-45D4-B510-16F0B140145B}.Release|x86.Build.0 = Release|Win32
	EndGlobalSection
	GlobalSection(SolutionProperties) = preSolution
		HideSolutionNode = FALSE
	EndGlobalSection
	GlobalSection(ExtensibilityGlobals) = postSolution
		SolutionGuid = {B3374C90-36ED-4220-9D4F-3561EFAA71EB}
	EndGlobalSection
EndGlobal
